
Microsoft Visual Studio Solution File, Format Version 12.00
# Visual Studio 15
VisualStudioVersion = 15.0.27703.2018
MinimumVisualStudioVersion = 10.0.40219.1
Project("{FAE04EC0-301F-11D3-BF4B-00C04F79EFBC}") = "ConsoleApp2", "ConsoleApp2\ConsoleApp2.csproj", "{B458F4C7-90AA-47FB-B51B-28AF1C0E879B}"
EndProject
Global
	GlobalSection(SolutionConfigurationPlatforms) = preSolution
		Debug|Any CPU = Debug|Any CPU
		Release|Any CPU = Release|Any CPU
	EndGlobalSection
	GlobalSection(ProjectConfigurationPlatforms) = postSolution
		{B458F4C7-90AA-47FB-B51B-28AF1C0E879B}.Debug|Any CPU.ActiveCfg = Debug|Any CPU
		{B458F4C7-90AA-47FB-B51B-28AF1C0E879B}.Debug|Any CPU.Build.0 = Debug|Any CPU
		{B458F4C7-90AA-47FB-B51B-28AF1C0E879B}.Release|Any CPU.ActiveCfg = Release|Any CPU
		{B458F4C7-90AA-47FB-B51B-28AF1C0E879B}.Release|Any CPU.Build.0 = Release|Any CPU
	EndGlobalSection
	GlobalSection(SolutionProperties) = preSolution
		HideSolutionNode = FALSE
	EndGlobalSection
	GlobalSection(ExtensibilityGlobals) = postSolution
		SolutionGuid = {1C5BB75A-2E01-4AD0-A6DC-9ABDCE4F3B4A}
	EndGlobalSection
EndGlobal
